{
	"name": "wp-blocks",
	"version": "1.0.0",
	"lockfileVersion": 2,
	"requires": true,
	"packages": {
		"": {
			"version": "1.0.0",
			"license": "ISC",
			"devDependencies": {
				"@tinypixelco/laravel-mix-wp-blocks": "^1.1.0"
			}
		},
		"node_modules/@tinypixelco/laravel-mix-wp-blocks": {
			"version": "1.1.0",
			"resolved": "https://registry.npmjs.org/@tinypixelco/laravel-mix-wp-blocks/-/laravel-mix-wp-blocks-1.1.0.tgz",
			"integrity": "sha512-lmTlM/VXK3GDre78Is1kMY9SuzG97v5vO7WfVr7VjY2e+r1/UjPYw6G5wNcR8nIw3gOXgMpPw8WvRi/d3v6Tww==",
			"dev": true
		}
	},
	"dependencies": {
		"@tinypixelco/laravel-mix-wp-blocks": {
			"version": "1.1.0",
			"resolved": "https://registry.npmjs.org/@tinypixelco/laravel-mix-wp-blocks/-/laravel-mix-wp-blocks-1.1.0.tgz",
			"integrity": "sha512-lmTlM/VXK3GDre78Is1kMY9SuzG97v5vO7WfVr7VjY2e+r1/UjPYw6G5wNcR8nIw3gOXgMpPw8WvRi/d3v6Tww==",
			"dev": true
		}
	}
}
